
Microsoft Visual Studio Solution File, Format Version 12.00
# Visual Studio Version 17
VisualStudioVersion = 17.3.32901.215
MinimumVisualStudioVersion = 10.0.40219.1
Project("{FAE04EC0-301F-11D3-BF4B-00C04F79EFBC}") = "tİMER", "tİMER\tİMER.csproj", "{5030BA47-43F7-4605-8423-E84CE9810A85}"
EndProject
Global
	GlobalSection(SolutionConfigurationPlatforms) = preSolution
		Debug|Any CPU = Debug|Any CPU
		Release|Any CPU = Release|Any CPU
	EndGlobalSection
	GlobalSection(ProjectConfigurationPlatforms) = postSolution
		{5030BA47-43F7-4605-8423-E84CE9810A85}.Debug|Any CPU.ActiveCfg = Debug|Any CPU
		{5030BA47-43F7-4605-8423-E84CE9810A85}.Debug|Any CPU.Build.0 = Debug|Any CPU
		{5030BA47-43F7-4605-8423-E84CE9810A85}.Release|Any CPU.ActiveCfg = Release|Any CPU
		{5030BA47-43F7-4605-8423-E84CE9810A85}.Release|Any CPU.Build.0 = Release|Any CPU
	EndGlobalSection
	GlobalSection(SolutionProperties) = preSolution
		HideSolutionNode = FALSE
	EndGlobalSection
	GlobalSection(ExtensibilityGlobals) = postSolution
		SolutionGuid = {BD647879-4F83-428A-8A01-33BE8D8AAFFD}
	EndGlobalSection
EndGlobal
